
Microsoft Visual Studio Solution File, Format Version 12.00
# Visual Studio 2012
Project("{8BC9CEB8-8B4A-11D0-8D11-00A0C91BC942}") = "CodeGraph", "src\CodeGraph\CodeGraph.vcxproj", "{4034B7A3-411A-4C89-9F37-5FAEE367F0FA}"
EndProject
Project("{8BC9CEB8-8B4A-11D0-8D11-00A0C91BC942}") = "acadloader", "src\acadloader\acadloader.vcxproj", "{4286E16A-4E99-41A2-93FC-3FF78C1C0A1D}"
EndProject
Project("{8BC9CEB8-8B4A-11D0-8D11-00A0C91BC942}") = "toolkits", "src\toolkits\toolkits.vcxproj", "{44F78F4B-FE02-4DE2-9AEB-D729CEE2E794}"
EndProject
Project("{FAE04EC0-301F-11D3-BF4B-00C04F79EFBC}") = "CodeTool", "src\CodeTool\CodeTool.csproj", "{45FD2AC1-B210-48B5-B31A-BD8E961AB5E7}"
EndProject
Global
	GlobalSection(SolutionConfigurationPlatforms) = preSolution
		Debug|Any CPU = Debug|Any CPU
		Debug|Mixed Platforms = Debug|Mixed Platforms
		Debug|Win32 = Debug|Win32
		Debug|x64 = Debug|x64
		Release|Any CPU = Release|Any CPU
		Release|Mixed Platforms = Release|Mixed Platforms
		Release|Win32 = Release|Win32
		Release|x64 = Release|x64
	EndGlobalSection
	GlobalSection(ProjectConfigurationPlatforms) = postSolution
		{4034B7A3-411A-4C89-9F37-5FAEE367F0FA}.Debug|Any CPU.ActiveCfg = Debug|Win32
		{4034B7A3-411A-4C89-9F37-5FAEE367F0FA}.Debug|Mixed Platforms.ActiveCfg = Debug|Win32
		{4034B7A3-411A-4C89-9F37-5FAEE367F0FA}.Debug|Mixed Platforms.Build.0 = Debug|Win32
		{4034B7A3-411A-4C89-9F37-5FAEE367F0FA}.Debug|Win32.ActiveCfg = Debug|Win32
		{4034B7A3-411A-4C89-9F37-5FAEE367F0FA}.Debug|Win32.Build.0 = Debug|Win32
		{4034B7A3-411A-4C89-9F37-5FAEE367F0FA}.Debug|x64.ActiveCfg = Debug|x64
		{4034B7A3-411A-4C89-9F37-5FAEE367F0FA}.Release|Any CPU.ActiveCfg = Release|Win32
		{4034B7A3-411A-4C89-9F37-5FAEE367F0FA}.Release|Mixed Platforms.ActiveCfg = Release|Win32
		{4034B7A3-411A-4C89-9F37-5FAEE367F0FA}.Release|Mixed Platforms.Build.0 = Release|Win32
		{4034B7A3-411A-4C89-9F37-5FAEE367F0FA}.Release|Win32.ActiveCfg = Release|Win32
		{4034B7A3-411A-4C89-9F37-5FAEE367F0FA}.Release|Win32.Build.0 = Release|Win32
		{4034B7A3-411A-4C89-9F37-5FAEE367F0FA}.Release|x64.ActiveCfg = Release|x64
		{4286E16A-4E99-41A2-93FC-3FF78C1C0A1D}.Debug|Any CPU.ActiveCfg = Debug|Win32
		{4286E16A-4E99-41A2-93FC-3FF78C1C0A1D}.Debug|Mixed Platforms.ActiveCfg = Debug|Win32
		{4286E16A-4E99-41A2-93FC-3FF78C1C0A1D}.Debug|Mixed Platforms.Build.0 = Debug|Win32
		{4286E16A-4E99-41A2-93FC-3FF78C1C0A1D}.Debug|Win32.ActiveCfg = Debug|Win32
		{4286E16A-4E99-41A2-93FC-3FF78C1C0A1D}.Debug|Win32.Build.0 = Debug|Win32
		{4286E16A-4E99-41A2-93FC-3FF78C1C0A1D}.Debug|x64.ActiveCfg = Debug|x64
		{4286E16A-4E99-41A2-93FC-3FF78C1C0A1D}.Release|Any CPU.ActiveCfg = Release|Win32
		{4286E16A-4E99-41A2-93FC-3FF78C1C0A1D}.Release|Mixed Platforms.ActiveCfg = Release|Win32
		{4286E16A-4E99-41A2-93FC-3FF78C1C0A1D}.Release|Mixed Platforms.Build.0 = Release|Win32
		{4286E16A-4E99-41A2-93FC-3FF78C1C0A1D}.Release|Win32.ActiveCfg = Release|Win32
		{4286E16A-4E99-41A2-93FC-3FF78C1C0A1D}.Release|Win32.Build.0 = Release|Win32
		{4286E16A-4E99-41A2-93FC-3FF78C1C0A1D}.Release|x64.ActiveCfg = Release|x64
		{44F78F4B-FE02-4DE2-9AEB-D729CEE2E794}.Debug|Any CPU.ActiveCfg = Debug|Win32
		{44F78F4B-FE02-4DE2-9AEB-D729CEE2E794}.Debug|Mixed Platforms.ActiveCfg = Debug|Win32
		{44F78F4B-FE02-4DE2-9AEB-D729CEE2E794}.Debug|Mixed Platforms.Build.0 = Debug|Win32
		{44F78F4B-FE02-4DE2-9AEB-D729CEE2E794}.Debug|Win32.ActiveCfg = Debug|Win32
		{44F78F4B-FE02-4DE2-9AEB-D729CEE2E794}.Debug|Win32.Build.0 = Debug|Win32
		{44F78F4B-FE02-4DE2-9AEB-D729CEE2E794}.Debug|x64.ActiveCfg = Debug|x64
		{44F78F4B-FE02-4DE2-9AEB-D729CEE2E794}.Release|Any CPU.ActiveCfg = Release|Win32
		{44F78F4B-FE02-4DE2-9AEB-D729CEE2E794}.Release|Mixed Platforms.ActiveCfg = Release|Win32
		{44F78F4B-FE02-4DE2-9AEB-D729CEE2E794}.Release|Mixed Platforms.Build.0 = Release|Win32
		{44F78F4B-FE02-4DE2-9AEB-D729CEE2E794}.Release|Win32.ActiveCfg = Release|Win32
		{44F78F4B-FE02-4DE2-9AEB-D729CEE2E794}.Release|Win32.Build.0 = Release|Win32
		{44F78F4B-FE02-4DE2-9AEB-D729CEE2E794}.Release|x64.ActiveCfg = Release|x64
		{45FD2AC1-B210-48B5-B31A-BD8E961AB5E7}.Debug|Any CPU.ActiveCfg = Debug|Any CPU
		{45FD2AC1-B210-48B5-B31A-BD8E961AB5E7}.Debug|Any CPU.Build.0 = Debug|Any CPU
		{45FD2AC1-B210-48B5-B31A-BD8E961AB5E7}.Debug|Mixed Platforms.ActiveCfg = Debug|Any CPU
		{45FD2AC1-B210-48B5-B31A-BD8E961AB5E7}.Debug|Mixed Platforms.Build.0 = Debug|Any CPU
		{45FD2AC1-B210-48B5-B31A-BD8E961AB5E7}.Debug|Win32.ActiveCfg = Debug|Any CPU
		{45FD2AC1-B210-48B5-B31A-BD8E961AB5E7}.Debug|x64.ActiveCfg = Debug|x64
		{45FD2AC1-B210-48B5-B31A-BD8E961AB5E7}.Debug|x64.Build.0 = Debug|x64
		{45FD2AC1-B210-48B5-B31A-BD8E961AB5E7}.Release|Any CPU.ActiveCfg = Release|Any CPU
		{45FD2AC1-B210-48B5-B31A-BD8E961AB5E7}.Release|Any CPU.Build.0 = Release|Any CPU
		{45FD2AC1-B210-48B5-B31A-BD8E961AB5E7}.Release|Mixed Platforms.ActiveCfg = Release|Any CPU
		{45FD2AC1-B210-48B5-B31A-BD8E961AB5E7}.Release|Mixed Platforms.Build.0 = Release|Any CPU
		{45FD2AC1-B210-48B5-B31A-BD8E961AB5E7}.Release|Win32.ActiveCfg = Release|Any CPU
		{45FD2AC1-B210-48B5-B31A-BD8E961AB5E7}.Release|x64.ActiveCfg = Release|x64
		{45FD2AC1-B210-48B5-B31A-BD8E961AB5E7}.Release|x64.Build.0 = Release|x64
	EndGlobalSection
	GlobalSection(SolutionProperties) = preSolution
		HideSolutionNode = FALSE
	EndGlobalSection
EndGlobal
